
Microsoft Visual Studio Solution File, Format Version 12.00
# Visual Studio 15
VisualStudioVersion = 15.0.28307.1062
MinimumVisualStudioVersion = 10.0.40219.1
Project("{FAE04EC0-301F-11D3-BF4B-00C04F79EFBC}") = "Servicios_WCF", "Servicios_WCF\Servicios_WCF.csproj", "{541AEB57-F409-42EB-A06E-FE4940BC64E5}"
EndProject
Global
	GlobalSection(SolutionConfigurationPlatforms) = preSolution
		Debug|Any CPU = Debug|Any CPU
		Release|Any CPU = Release|Any CPU
	EndGlobalSection
	GlobalSection(ProjectConfigurationPlatforms) = postSolution
		{541AEB57-F409-42EB-A06E-FE4940BC64E5}.Debug|Any CPU.ActiveCfg = Debug|Any CPU
		{541AEB57-F409-42EB-A06E-FE4940BC64E5}.Debug|Any CPU.Build.0 = Debug|Any CPU
		{541AEB57-F409-42EB-A06E-FE4940BC64E5}.Release|Any CPU.ActiveCfg = Release|Any CPU
		{541AEB57-F409-42EB-A06E-FE4940BC64E5}.Release|Any CPU.Build.0 = Release|Any CPU
	EndGlobalSection
	GlobalSection(SolutionProperties) = preSolution
		HideSolutionNode = FALSE
	EndGlobalSection
	GlobalSection(ExtensibilityGlobals) = postSolution
		SolutionGuid = {94E7E7A1-02FA-4F58-B5A3-99EC5C585C57}
	EndGlobalSection
EndGlobal
